// !$*UTF8*$!
{
	archiveVersion = 1;
	classes = {
	};
	objectVersion = 56;
	objects = {

/* Begin PBXBuildFile section */
		9166DA322BD498F100A75EE9 /* AppDelegate.swift in Sources */ = {isa = PBXBuildFile; fileRef = 9166DA312BD498F100A75EE9 /* AppDelegate.swift */; };
		9166DA342BD498F100A75EE9 /* SceneDelegate.swift in Sources */ = {isa = PBXBuildFile; fileRef = 9166DA332BD498F100A75EE9 /* SceneDelegate.swift */; };
		9166DA362BD498F100A75EE9 /* ViewController.swift in Sources */ = {isa = PBXBuildFile; fileRef = 9166DA352BD498F100A75EE9 /* ViewController.swift */; };
		9166DA392BD498F100A75EE9 /* Base in Resources */ = {isa = PBXBuildFile; fileRef = 9166DA382BD498F100A75EE9 /* Base */; };
		9166DA3B2BD498F300A75EE9 /* Assets.xcassets in Resources */ = {isa = PBXBuildFile; fileRef = 9166DA3A2BD498F300A75EE9 /* Assets.xcassets */; };
		9166DA3E2BD498F300A75EE9 /* Base in Resources */ = {isa = PBXBuildFile; fileRef = 9166DA3D2BD498F300A75EE9 /* Base */; };
		91AAFCCF2BD641E700E908F2 /* Question.swift in Sources */ = {isa = PBXBuildFile; fileRef = 91AAFCCE2BD641E700E908F2 /* Question.swift */; };
		91AAFCD52BD6750500E908F2 /* QuizBrain.swift in Sources */ = {isa = PBXBuildFile; fileRef = 91AAFCD42BD6750500E908F2 /* QuizBrain.swift */; };
/* End PBXBuildFile section */

/* Begin PBXFileReference section */
		9166DA2E2BD498F100A75EE9 /* QuizzlerAppDemo.app */ = {isa = PBXFileReference; explicitFileType = wrapper.application; includeInIndex = 0; path = QuizzlerAppDemo.app; sourceTree = BUILT_PRODUCTS_DIR; };
		9166DA312BD498F100A75EE9 /* AppDelegate.swift */ = {isa = PBXFileReference; lastKnownFileType = sourcecode.swift; path = AppDelegate.swift; sourceTree = "<group>"; };
		9166DA332BD498F100A75EE9 /* SceneDelegate.swift */ = {isa = PBXFileReference; lastKnownFileType = sourcecode.swift; path = SceneDelegate.swift; sourceTree = "<group>"; };
		9166DA352BD498F100A75EE9 /* ViewController.swift */ = {isa = PBXFileReference; lastKnownFileType = sourcecode.swift; path = ViewController.swift; sourceTree = "<group>"; };
		9166DA382BD498F100A75EE9 /* Base */ = {isa = PBXFileReference; lastKnownFileType = file.storyboard; name = Base; path = Base.lproj/Main.storyboard; sourceTree = "<group>"; };
		9166DA3A2BD498F300A75EE9 /* Assets.xcassets */ = {isa = PBXFileReference; lastKnownFileType = folder.assetcatalog; path = Assets.xcassets; sourceTree = "<group>"; };
		9166DA3D2BD498F300A75EE9 /* Base */ = {isa = PBXFileReference; lastKnownFileType = file.storyboard; name = Base; path = Base.lproj/LaunchScreen.storyboard; sourceTree = "<group>"; };
		9166DA3F2BD498F300A75EE9 /* Info.plist */ = {isa = PBXFileReference; lastKnownFileType = text.plist.xml; path = Info.plist; sourceTree = "<group>"; };
		91AAFCCE2BD641E700E908F2 /* Question.swift */ = {isa = PBXFileReference; lastKnownFileType = sourcecode.swift; path = Question.swift; sourceTree = "<group>"; };
		91AAFCD42BD6750500E908F2 /* QuizBrain.swift */ = {isa = PBXFileReference; lastKnownFileType = sourcecode.swift; path = QuizBrain.swift; sourceTree = "<group>"; };
/* End PBXFileReference section */

/* Begin PBXFrameworksBuildPhase section */
		9166DA2B2BD498F100A75EE9 /* Frameworks */ = {
			isa = PBXFrameworksBuildPhase;
			buildActionMask = 2147483647;
			files = (
			);
			runOnlyForDeploymentPostprocessing = 0;
		};
/* End PBXFrameworksBuildPhase section */

/* Begin PBXGroup section */
		9166DA252BD498F100A75EE9 = {
			isa = PBXGroup;
			children = (
				9166DA302BD498F100A75EE9 /* QuizzlerAppDemo */,
				9166DA2F2BD498F100A75EE9 /* Products */,
			);
			sourceTree = "<group>";
		};
		9166DA2F2BD498F100A75EE9 /* Products */ = {
			isa = PBXGroup;
			children = (
				9166DA2E2BD498F100A75EE9 /* QuizzlerAppDemo.app */,
			);
			name = Products;
			sourceTree = "<group>";
		};
		9166DA302BD498F100A75EE9 /* QuizzlerAppDemo */ = {
			isa = PBXGroup;
			children = (
				91AAFCD32BD674C200E908F2 /* App */,
				91AAFCD12BD6748D00E908F2 /* Model */,
				91AAFCD22BD6749C00E908F2 /* View */,
				91AAFCD02BD6746100E908F2 /* Controller */,
				9166DA3A2BD498F300A75EE9 /* Assets.xcassets */,
				9166DA3C2BD498F300A75EE9 /* LaunchScreen.storyboard */,
				9166DA3F2BD498F300A75EE9 /* Info.plist */,
			);
			path = QuizzlerAppDemo;
			sourceTree = "<group>";
		};
		91AAFCD02BD6746100E908F2 /* Controller */ = {
			isa = PBXGroup;
			children = (
				9166DA352BD498F100A75EE9 /* ViewController.swift */,
			);
			path = Controller;
			sourceTree = "<group>";
		};
		91AAFCD12BD6748D00E908F2 /* Model */ = {
			isa = PBXGroup;
			children = (
				91AAFCCE2BD641E700E908F2 /* Question.swift */,
				91AAFCD42BD6750500E908F2 /* QuizBrain.swift */,
			);
			path = Model;
			sourceTree = "<group>";
		};
		91AAFCD22BD6749C00E908F2 /* View */ = {
			isa = PBXGroup;
			children = (
				9166DA372BD498F100A75EE9 /* Main.storyboard */,
			);
			path = View;
			sourceTree = "<group>";
		};
		91AAFCD32BD674C200E908F2 /* App */ = {
			isa = PBXGroup;
			children = (
				9166DA312BD498F100A75EE9 /* AppDelegate.swift */,
				9166DA332BD498F100A75EE9 /* SceneDelegate.swift */,
			);
			path = App;
			sourceTree = "<group>";
		};
/* End PBXGroup section */

/* Begin PBXNativeTarget section */
		9166DA2D2BD498F100A75EE9 /* QuizzlerAppDemo */ = {
			isa = PBXNativeTarget;
			buildConfigurationList = 9166DA422BD498F300A75EE9 /* Build configuration list for PBXNativeTarget "QuizzlerAppDemo" */;
			buildPhases = (
				9166DA2A2BD498F100A75EE9 /* Sources */,
				9166DA2B2BD498F100A75EE9 /* Frameworks */,
				9166DA2C2BD498F100A75EE9 /* Resources */,
			);
			buildRules = (
			);
			dependencies = (
			);
			name = QuizzlerAppDemo;
			productName = QuizzlerAppDemo;
			productReference = 9166DA2E2BD498F100A75EE9 /* QuizzlerAppDemo.app */;
			productType = "com.apple.product-type.application";
		};
/* End PBXNativeTarget section */

/* Begin PBXProject section */
		9166DA262BD498F100A75EE9 /* Project object */ = {
			isa = PBXProject;
			attributes = {
				BuildIndependentTargetsInParallel = 1;
				LastSwiftUpdateCheck = 1530;
				LastUpgradeCheck = 1530;
				TargetAttributes = {
					9166DA2D2BD498F100A75EE9 = {
						CreatedOnToolsVersion = 15.3;
					};
				};
			};
			buildConfigurationList = 9166DA292BD498F100A75EE9 /* Build configuration list for PBXProject "QuizzlerAppDemo" */;
			compatibilityVersion = "Xcode 14.0";
			developmentRegion = en;
			hasScannedForEncodings = 0;
			knownRegions = (
				en,
				Base,
			);
			mainGroup = 9166DA252BD498F100A75EE9;
			productRefGroup = 9166DA2F2BD498F100A75EE9 /* Products */;
			projectDirPath = "";
			projectRoot = "";
			targets = (
				9166DA2D2BD498F100A75EE9 /* QuizzlerAppDemo */,
			);
		};
/* End PBXProject section */

/* Begin PBXResourcesBuildPhase section */
		9166DA2C2BD498F100A75EE9 /* Resources */ = {
			isa = PBXResourcesBuildPhase;
			buildActionMask = 2147483647;
			files = (
				9166DA3B2BD498F300A75EE9 /* Assets.xcassets in Resources */,
				9166DA3E2BD498F300A75EE9 /* Base in Resources */,
				9166DA392BD498F100A75EE9 /* Base in Resources */,
			);
			runOnlyForDeploymentPostprocessing = 0;
		};
/* End PBXResourcesBuildPhase section */

/* Begin PBXSourcesBuildPhase section */
		9166DA2A2BD498F100A75EE9 /* Sources */ = {
			isa = PBXSourcesBuildPhase;
			buildActionMask = 2147483647;
			files = (
				91AAFCD52BD6750500E908F2 /* QuizBrain.swift in Sources */,
				9166DA362BD498F100A75EE9 /* ViewController.swift in Sources */,
				91AAFCCF2BD641E700E908F2 /* Question.swift in Sources */,
				9166DA322BD498F100A75EE9 /* AppDelegate.swift in Sources */,
				9166DA342BD498F100A75EE9 /* SceneDelegate.swift in Sources */,
			);
			runOnlyForDeploymentPostprocessing = 0;
		};
/* End PBXSourcesBuildPhase section */

/* Begin PBXVariantGroup section */
		9166DA372BD498F100A75EE9 /* Main.storyboard */ = {
			isa = PBXVariantGroup;
			children = (
				9166DA382BD498F100A75EE9 /* Base */,
			);
			name = Main.storyboard;
			sourceTree = "<group>";
		};
		9166DA3C2BD498F300A75EE9 /* LaunchScreen.storyboard */ = {
			isa = PBXVariantGroup;
			children = (
				9166DA3D2BD498F300A75EE9 /* Base */,
			);
			name = LaunchScreen.storyboard;
			sourceTree = "<group>";
		};
/* End PBXVariantGroup section */

/* Begin XCBuildConfiguration section */
		9166DA402BD498F300A75EE9 /* Debug */ = {
			isa = XCBuildConfiguration;
			buildSettings = {
				ALWAYS_SEARCH_USER_PATHS = NO;
				ASSETCATALOG_COMPILER_GENERATE_SWIFT_ASSET_SYMBOL_EXTENSIONS = YES;
				CLANG_ANALYZER_NONNULL = YES;
				CLANG_ANALYZER_NUMBER_OBJECT_CONVERSION = YES_AGGRESSIVE;
				CLANG_CXX_LANGUAGE_STANDARD = "gnu++20";
				CLANG_ENABLE_MODULES = YES;
				CLANG_ENABLE_OBJC_ARC = YES;
				CLANG_ENABLE_OBJC_WEAK = YES;
				CLANG_WARN_BLOCK_CAPTURE_AUTORELEASING = YES;
				CLANG_WARN_BOOL_CONVERSION = YES;
				CLANG_WARN_COMMA = YES;
				CLANG_WARN_CONSTANT_CONVERSION = YES;
				CLANG_WARN_DEPRECATED_OBJC_IMPLEMENTATIONS = YES;
				CLANG_WARN_DIRECT_OBJC_ISA_USAGE = YES_ERROR;
				CLANG_WARN_DOCUMENTATION_COMMENTS = YES;
				CLANG_WARN_EMPTY_BODY = YES;
				CLANG_WARN_ENUM_CONVERSION = YES;
				CLANG_WARN_INFINITE_RECURSION = YES;
				CLANG_WARN_INT_CONVERSION = YES;
				CLANG_WARN_NON_LITERAL_NULL_CONVERSION = YES;
				CLANG_WARN_OBJC_IMPLICIT_RETAIN_SELF = YES;
				CLANG_WARN_OBJC_LITERAL_CONVERSION = YES;
				CLANG_WARN_OBJC_ROOT_CLASS = YES_ERROR;
				CLANG_WARN_QUOTED_INCLUDE_IN_FRAMEWORK_HEADER = YES;
				CLANG_WARN_RANGE_LOOP_ANALYSIS = YES;
				CLANG_WARN_STRICT_PROTOTYPES = YES;
				CLANG_WARN_SUSPICIOUS_MOVE = YES;
				CLANG_WARN_UNGUARDED_AVAILABILITY = YES_AGGRESSIVE;
				CLANG_WARN_UNREACHABLE_CODE = YES;
				CLANG_WARN__DUPLICATE_METHOD_MATCH = YES;
				COPY_PHASE_STRIP = NO;
				DEBUG_INFORMATION_FORMAT = dwarf;
				ENABLE_STRICT_OBJC_MSGSEND = YES;
				ENABLE_TESTABILITY = YES;
				ENABLE_USER_SCRIPT_SANDBOXING = YES;
				GCC_C_LANGUAGE_STANDARD = gnu17;
				GCC_DYNAMIC_NO_PIC = NO;
				GCC_NO_COMMON_BLOCKS = YES;
				GCC_OPTIMIZATION_LEVEL = 0;
				GCC_PREPROCESSOR_DEFINITIONS = (
					"DEBUG=1",
					"$(inherited)",
				);
				GCC_WARN_64_TO_32_BIT_CONVERSION = YES;
				GCC_WARN_ABOUT_RETURN_TYPE = YES_ERROR;
				GCC_WARN_UNDECLARED_SELECTOR = YES;
				GCC_WARN_UNINITIALIZED_AUTOS = YES_AGGRESSIVE;
				GCC_WARN_UNUSED_FUNCTION = YES;
				GCC_WARN_UNUSED_VARIABLE = YES;
				IPHONEOS_DEPLOYMENT_TARGET = 17.4;
				LOCALIZATION_PREFERS_STRING_CATALOGS = YES;
				MTL_ENABLE_DEBUG_INFO = INCLUDE_SOURCE;
				MTL_FAST_MATH = YES;
				ONLY_ACTIVE_ARCH = YES;
				SDKROOT = iphoneos;
				SWIFT_ACTIVE_COMPILATION_CONDITIONS = "DEBUG $(inherited)";
				SWIFT_OPTIMIZATION_LEVEL = "-Onone";
			};
			name = Debug;
		};
		9166DA412BD498F300A75EE9 /* Release */ = {
			isa = XCBuildConfiguration;
			buildSettings = {
				ALWAYS_SEARCH_USER_PATHS = NO;
				ASSETCATALOG_COMPILER_GENERATE_SWIFT_ASSET_SYMBOL_EXTENSIONS = YES;
				CLANG_ANALYZER_NONNULL = YES;
				CLANG_ANALYZER_NUMBER_OBJECT_CONVERSION = YES_AGGRESSIVE;
				CLANG_CXX_LANGUAGE_STANDARD = "gnu++20";
				CLANG_ENABLE_MODULES = YES;
				CLANG_ENABLE_OBJC_ARC = YES;
				CLANG_ENABLE_OBJC_WEAK = YES;
				CLANG_WARN_BLOCK_CAPTURE_AUTORELEASING = YES;
				CLANG_WARN_BOOL_CONVERSION = YES;
				CLANG_WARN_COMMA = YES;
				CLANG_WARN_CONSTANT_CONVERSION = YES;
				CLANG_WARN_DEPRECATED_OBJC_IMPLEMENTATIONS = YES;
				CLANG_WARN_DIRECT_OBJC_ISA_USAGE = YES_ERROR;
				CLANG_WARN_DOCUMENTATION_COMMENTS = YES;
				CLANG_WARN_EMPTY_BODY = YES;
				CLANG_WARN_ENUM_CONVERSION = YES;
				CLANG_WARN_INFINITE_RECURSION = YES;
				CLANG_WARN_INT_CONVERSION = YES;
				CLANG_WARN_NON_LITERAL_NULL_CONVERSION = YES;
				CLANG_WARN_OBJC_IMPLICIT_RETAIN_SELF = YES;
				CLANG_WARN_OBJC_LITERAL_CONVERSION = YES;
				CLANG_WARN_OBJC_ROOT_CLASS = YES_ERROR;
				CLANG_WARN_QUOTED_INCLUDE_IN_FRAMEWORK_HEADER = YES;
				CLANG_WARN_RANGE_LOOP_ANALYSIS = YES;
				CLANG_WARN_STRICT_PROTOTYPES = YES;
				CLANG_WARN_SUSPICIOUS_MOVE = YES;
				CLANG_WARN_UNGUARDED_AVAILABILITY = YES_AGGRESSIVE;
				CLANG_WARN_UNREACHABLE_CODE = YES;
				CLANG_WARN__DUPLICATE_METHOD_MATCH = YES;
				COPY_PHASE_STRIP = NO;
				DEBUG_INFORMATION_FORMAT = "dwarf-with-dsym";
				ENABLE_NS_ASSERTIONS = NO;
				ENABLE_STRICT_OBJC_MSGSEND = YES;
				ENABLE_USER_SCRIPT_SANDBOXING = YES;
				GCC_C_LANGUAGE_STANDARD = gnu17;
				GCC_NO_COMMON_BLOCKS = YES;
				GCC_WARN_64_TO_32_BIT_CONVERSION = YES;
				GCC_WARN_ABOUT_RETURN_TYPE = YES_ERROR;
				GCC_WARN_UNDECLARED_SELECTOR = YES;
				GCC_WARN_UNINITIALIZED_AUTOS = YES_AGGRESSIVE;
				GCC_WARN_UNUSED_FUNCTION = YES;
				GCC_WARN_UNUSED_VARIABLE = YES;
				IPHONEOS_DEPLOYMENT_TARGET = 17.4;
				LOCALIZATION_PREFERS_STRING_CATALOGS = YES;
				MTL_ENABLE_DEBUG_INFO = NO;
				MTL_FAST_MATH = YES;
				SDKROOT = iphoneos;
				SWIFT_COMPILATION_MODE = wholemodule;
				VALIDATE_PRODUCT = YES;
			};
			name = Release;
		};
		9166DA432BD498F300A75EE9 /* Debug */ = {
			isa = XCBuildConfiguration;
			buildSettings = {
				ASSETCATALOG_COMPILER_APPICON_NAME = AppIcon;
				ASSETCATALOG_COMPILER_GLOBAL_ACCENT_COLOR_NAME = AccentColor;
				CODE_SIGN_STYLE = Automatic;
				CURRENT_PROJECT_VERSION = 1;
				GENERATE_INFOPLIST_FILE = YES;
				INFOPLIST_FILE = QuizzlerAppDemo/Info.plist;
				INFOPLIST_KEY_UIApplicationSupportsIndirectInputEvents = YES;
				INFOPLIST_KEY_UILaunchStoryboardName = LaunchScreen;
				INFOPLIST_KEY_UIMainStoryboardFile = Main;
				INFOPLIST_KEY_UISupportedInterfaceOrientations_iPad = "UIInterfaceOrientationPortrait UIInterfaceOrientationPortraitUpsideDown UIInterfaceOrientationLandscapeLeft UIInterfaceOrientationLandscapeRight";
				INFOPLIST_KEY_UISupportedInterfaceOrientations_iPhone = "UIInterfaceOrientationPortrait UIInterfaceOrientationLandscapeLeft UIInterfaceOrientationLandscapeRight";
				LD_RUNPATH_SEARCH_PATHS = (
					"$(inherited)",
					"@executable_path/Frameworks",
				);
				MARKETING_VERSION = 1.0;
				PRODUCT_BUNDLE_IDENTIFIER = doniyornormuxammedov.QuizzlerAppDemo;
				PRODUCT_NAME = "$(TARGET_NAME)";
				SUPPORTED_PLATFORMS = "iphoneos iphonesimulator";
				SUPPORTS_MACCATALYST = NO;
				SUPPORTS_MAC_DESIGNED_FOR_IPHONE_IPAD = NO;
				SUPPORTS_XR_DESIGNED_FOR_IPHONE_IPAD = NO;
				SWIFT_EMIT_LOC_STRINGS = YES;
				SWIFT_VERSION = 5.0;
				TARGETED_DEVICE_FAMILY = "1,2";
			};
			name = Debug;
		};
		9166DA442BD498F300A75EE9 /* Release */ = {
			isa = XCBuildConfiguration;
			buildSettings = {
				ASSETCATALOG_COMPILER_APPICON_NAME = AppIcon;
				ASSETCATALOG_COMPILER_GLOBAL_ACCENT_COLOR_NAME = AccentColor;
				CODE_SIGN_STYLE = Automatic;
				CURRENT_PROJECT_VERSION = 1;
				GENERATE_INFOPLIST_FILE = YES;
				INFOPLIST_FILE = QuizzlerAppDemo/Info.plist;
				INFOPLIST_KEY_UIApplicationSupportsIndirectInputEvents = YES;
				INFOPLIST_KEY_UILaunchStoryboardName = LaunchScreen;
				INFOPLIST_KEY_UIMainStoryboardFile = Main;
				INFOPLIST_KEY_UISupportedInterfaceOrientations_iPad = "UIInterfaceOrientationPortrait UIInterfaceOrientationPortraitUpsideDown UIInterfaceOrientationLandscapeLeft UIInterfaceOrientationLandscapeRight";
				INFOPLIST_KEY_UISupportedInterfaceOrientations_iPhone = "UIInterfaceOrientationPortrait UIInterfaceOrientationLandscapeLeft UIInterfaceOrientationLandscapeRight";
				LD_RUNPATH_SEARCH_PATHS = (
					"$(inherited)",
					"@executable_path/Frameworks",
				);
				MARKETING_VERSION = 1.0;
				PRODUCT_BUNDLE_IDENTIFIER = doniyornormuxammedov.QuizzlerAppDemo;
				PRODUCT_NAME = "$(TARGET_NAME)";
				SUPPORTED_PLATFORMS = "iphoneos iphonesimulator";
				SUPPORTS_MACCATALYST = NO;
				SUPPORTS_MAC_DESIGNED_FOR_IPHONE_IPAD = NO;
				SUPPORTS_XR_DESIGNED_FOR_IPHONE_IPAD = NO;
				SWIFT_EMIT_LOC_STRINGS = YES;
				SWIFT_VERSION = 5.0;
				TARGETED_DEVICE_FAMILY = "1,2";
			};
			name = Release;
		};
/* End XCBuildConfiguration section */

/* Begin XCConfigurationList section */
		9166DA292BD498F100A75EE9 /* Build configuration list for PBXProject "QuizzlerAppDemo" */ = {
			isa = XCConfigurationList;
			buildConfigurations = (
				9166DA402BD498F300A75EE9 /* Debug */,
				9166DA412BD498F300A75EE9 /* Release */,
			);
			defaultConfigurationIsVisible = 0;
			defaultConfigurationName = Release;
		};
		9166DA422BD498F300A75EE9 /* Build configuration list for PBXNativeTarget "QuizzlerAppDemo" */ = {
			isa = XCConfigurationList;
			buildConfigurations = (
				9166DA432BD498F300A75EE9 /* Debug */,
				9166DA442BD498F300A75EE9 /* Release */,
			);
			defaultConfigurationIsVisible = 0;
			defaultConfigurationName = Release;
		};
/* End XCConfigurationList section */
	};
	rootObject = 9166DA262BD498F100A75EE9 /* Project object */;
}
